# This file is automatically @generated by Cargo.
# It is not intended for manual editing.
version = 4

[[package]]
name = "aurora"
version = "0.1.0"

[[package]]
name = "aurora-wgpu"
version = "0.1.0"

[[package]]
name = "comet"
version = "0.1.0"

[[package]]
name = "orbit-editor"
version = "0.1.0"

[[package]]
name = "orbit-engine"
version = "0.1.0"

[[package]]
name = "orbit-renderer"
version = "0.1.0"

[[package]]
name = "orbit-runtime"
version = "0.1.0"
